{
  "nodes": {
    "disko": {
      "inputs": {
        "nixpkgs": [
          "nixpkgs"
        ]
      },
      "locked": {
        "lastModified": 1694395354,
        "narHash": "sha256-fzm/+caf+yPLb/Wivbydbhg5GlTo4f1rMOLbH7G9c9k=",
        "owner": "nix-community",
        "repo": "disko",
        "rev": "b54e2dc988b34fbad1a1180fe68b573a9d080df5",
        "type": "github"
      },
      "original": {
        "owner": "nix-community",
        "repo": "disko",
        "type": "github"
      }
    },
    "nixpkgs": {
      "locked": {
        "lastModified": 1694442564,
        "narHash": "sha256-q+I6sltjpNOaz/j7QwTn3FIrTtsfSsiZs9AFuHEFXiA=",
        "owner": "NixOS",
        "repo": "nixpkgs",
        "rev": "140ab25ce980d6d07ea04c99973d452ea9abeedb",
        "type": "github"
      },
      "original": {
        "owner": "NixOS",
        "repo": "nixpkgs",
        "type": "github"
      }
    },
    "root": {
      "inputs": {
        "disko": "disko",
        "nixpkgs": "nixpkgs"
      }
    }
  },
  "root": "root",
  "version": 7
}
